// !$*UTF8*$!
{
	archiveVersion = 1;
	classes = {
	};
	objectVersion = 46;
	objects = {

/* Begin PBXBuildFile section */
		40DD647892E9CBCF7D32DEFD /* libPods-ProjectFood.a in Frameworks */ = {isa = PBXBuildFile; fileRef = 7871B45FABE33A3C829D84A8 /* libPods-ProjectFood.a */; };
		ED0F671A1D327E5500BD7096 /* PFTextViewCell.m in Sources */ = {isa = PBXBuildFile; fileRef = ED0F67191D327E5500BD7096 /* PFTextViewCell.m */; };
		ED0F671D1D32C00300BD7096 /* PFAddSecondViewController.m in Sources */ = {isa = PBXBuildFile; fileRef = ED0F671C1D32C00300BD7096 /* PFAddSecondViewController.m */; };
		ED0F67201D32CC4800BD7096 /* PFRestaurantTextFieldCell.m in Sources */ = {isa = PBXBuildFile; fileRef = ED0F671F1D32CC4800BD7096 /* PFRestaurantTextFieldCell.m */; };
		ED3D343C1D33794D00B6A6D5 /* PFChooseLocationTableViewCell.m in Sources */ = {isa = PBXBuildFile; fileRef = ED3D343B1D33794D00B6A6D5 /* PFChooseLocationTableViewCell.m */; };
		ED3D34401D337B7C00B6A6D5 /* TLTagsControl.m in Sources */ = {isa = PBXBuildFile; fileRef = ED3D343F1D337B7C00B6A6D5 /* TLTagsControl.m */; };
		ED3D34431D337B9D00B6A6D5 /* PFTagTableViewCell.m in Sources */ = {isa = PBXBuildFile; fileRef = ED3D34421D337B9D00B6A6D5 /* PFTagTableViewCell.m */; };
		ED3D34471D33B99800B6A6D5 /* PFItemPicker.m in Sources */ = {isa = PBXBuildFile; fileRef = ED3D34461D33B99800B6A6D5 /* PFItemPicker.m */; };
		ED41D2571D2F9E8600B2196B /* PFImagePicker.m in Sources */ = {isa = PBXBuildFile; fileRef = ED41D2561D2F9E8600B2196B /* PFImagePicker.m */; };
		ED41D25C1D2FA28C00B2196B /* PFImagePickerCell.m in Sources */ = {isa = PBXBuildFile; fileRef = ED41D25B1D2FA28C00B2196B /* PFImagePickerCell.m */; };
		ED41D2621D2FB72F00B2196B /* NSIndexSet+Convenience.m in Sources */ = {isa = PBXBuildFile; fileRef = ED41D25F1D2FB72F00B2196B /* NSIndexSet+Convenience.m */; };
		ED41D2631D2FB72F00B2196B /* UICollectionView+Convenience.m in Sources */ = {isa = PBXBuildFile; fileRef = ED41D2611D2FB72F00B2196B /* UICollectionView+Convenience.m */; };
		ED41D26C1D2FFEE100B2196B /* PFAddFirstViewController.m in Sources */ = {isa = PBXBuildFile; fileRef = ED41D26B1D2FFEE100B2196B /* PFAddFirstViewController.m */; };
		ED41D2701D3008DA00B2196B /* PFImagePreviewCell.m in Sources */ = {isa = PBXBuildFile; fileRef = ED41D26F1D3008DA00B2196B /* PFImagePreviewCell.m */; };
		ED41D2731D30095800B2196B /* PFTextFieldCell.m in Sources */ = {isa = PBXBuildFile; fileRef = ED41D2721D30095800B2196B /* PFTextFieldCell.m */; };
		ED41D2761D30171000B2196B /* PFImagePreviewCollectionViewCell.m in Sources */ = {isa = PBXBuildFile; fileRef = ED41D2751D30171000B2196B /* PFImagePreviewCollectionViewCell.m */; };
		EDB916F71D2E883000A96798 /* main.m in Sources */ = {isa = PBXBuildFile; fileRef = EDB916F61D2E883000A96798 /* main.m */; };
		EDB916FA1D2E883000A96798 /* AppDelegate.m in Sources */ = {isa = PBXBuildFile; fileRef = EDB916F91D2E883000A96798 /* AppDelegate.m */; };
		EDB917001D2E883000A96798 /* Main.storyboard in Resources */ = {isa = PBXBuildFile; fileRef = EDB916FE1D2E883000A96798 /* Main.storyboard */; };
		EDB917021D2E883000A96798 /* Assets.xcassets in Resources */ = {isa = PBXBuildFile; fileRef = EDB917011D2E883000A96798 /* Assets.xcassets */; };
		EDB917051D2E883000A96798 /* LaunchScreen.storyboard in Resources */ = {isa = PBXBuildFile; fileRef = EDB917031D2E883000A96798 /* LaunchScreen.storyboard */; };
		EDB9170E1D2E88DE00A96798 /* PFNearByViewController.m in Sources */ = {isa = PBXBuildFile; fileRef = EDB9170D1D2E88DE00A96798 /* PFNearByViewController.m */; };
		EDB917111D2E892000A96798 /* PFFavouritesViewController.m in Sources */ = {isa = PBXBuildFile; fileRef = EDB917101D2E892000A96798 /* PFFavouritesViewController.m */; };
		EDB917141D2E892D00A96798 /* PFAccountViewController.m in Sources */ = {isa = PBXBuildFile; fileRef = EDB917131D2E892D00A96798 /* PFAccountViewController.m */; };
		EDB917171D2E899300A96798 /* PFTabBarViewController.m in Sources */ = {isa = PBXBuildFile; fileRef = EDB917161D2E899300A96798 /* PFTabBarViewController.m */; };
		EDB9171A1D2E8A9300A96798 /* PFConstants.m in Sources */ = {isa = PBXBuildFile; fileRef = EDB917191D2E8A9300A96798 /* PFConstants.m */; };
		EDB9171C1D2E8C0200A96798 /* GoogleService-Info.plist in Resources */ = {isa = PBXBuildFile; fileRef = EDB9171B1D2E8C0200A96798 /* GoogleService-Info.plist */; };
		EDB917201D2E8D5000A96798 /* FBSDKCoreKit.framework in Frameworks */ = {isa = PBXBuildFile; fileRef = EDB9171D1D2E8D5000A96798 /* FBSDKCoreKit.framework */; };
		EDB917211D2E8D5000A96798 /* FBSDKLoginKit.framework in Frameworks */ = {isa = PBXBuildFile; fileRef = EDB9171E1D2E8D5000A96798 /* FBSDKLoginKit.framework */; };
		EDB917221D2E8D5000A96798 /* FBSDKShareKit.framework in Frameworks */ = {isa = PBXBuildFile; fileRef = EDB9171F1D2E8D5000A96798 /* FBSDKShareKit.framework */; };
		EDB917251D2E93ED00A96798 /* PFSignInViewController.m in Sources */ = {isa = PBXBuildFile; fileRef = EDB917241D2E93ED00A96798 /* PFSignInViewController.m */; };
		EDB917281D2E967C00A96798 /* PFManager.m in Sources */ = {isa = PBXBuildFile; fileRef = EDB917271D2E967C00A96798 /* PFManager.m */; };
		EDB9172B1D2E9ADF00A96798 /* PFLocationViewController.m in Sources */ = {isa = PBXBuildFile; fileRef = EDB9172A1D2E9ADF00A96798 /* PFLocationViewController.m */; };
		EDB9172E1D2E9B6600A96798 /* NSMutableDictionary+TFALocation.m in Sources */ = {isa = PBXBuildFile; fileRef = EDB9172D1D2E9B6600A96798 /* NSMutableDictionary+TFALocation.m */; };
		EDB917311D2E9D5100A96798 /* PFLocationPicker.m in Sources */ = {isa = PBXBuildFile; fileRef = EDB917301D2E9D5100A96798 /* PFLocationPicker.m */; };
/* End PBXBuildFile section */

/* Begin PBXFileReference section */
		2E0ADD0448FA22D6AF68FDCD /* Pods-ProjectFood.release.xcconfig */ = {isa = PBXFileReference; includeInIndex = 1; lastKnownFileType = text.xcconfig; name = "Pods-ProjectFood.release.xcconfig"; path = "Pods/Target Support Files/Pods-ProjectFood/Pods-ProjectFood.release.xcconfig"; sourceTree = "<group>"; };
		7871B45FABE33A3C829D84A8 /* libPods-ProjectFood.a */ = {isa = PBXFileReference; explicitFileType = archive.ar; includeInIndex = 0; path = "libPods-ProjectFood.a"; sourceTree = BUILT_PRODUCTS_DIR; };
		E9F293AB38F12F2C9984F0B1 /* Pods-ProjectFood.debug.xcconfig */ = {isa = PBXFileReference; includeInIndex = 1; lastKnownFileType = text.xcconfig; name = "Pods-ProjectFood.debug.xcconfig"; path = "Pods/Target Support Files/Pods-ProjectFood/Pods-ProjectFood.debug.xcconfig"; sourceTree = "<group>"; };
		ED0F67181D327E5500BD7096 /* PFTextViewCell.h */ = {isa = PBXFileReference; fileEncoding = 4; lastKnownFileType = sourcecode.c.h; path = PFTextViewCell.h; sourceTree = "<group>"; };
		ED0F67191D327E5500BD7096 /* PFTextViewCell.m */ = {isa = PBXFileReference; fileEncoding = 4; lastKnownFileType = sourcecode.c.objc; path = PFTextViewCell.m; sourceTree = "<group>"; };
		ED0F671B1D32C00300BD7096 /* PFAddSecondViewController.h */ = {isa = PBXFileReference; fileEncoding = 4; lastKnownFileType = sourcecode.c.h; path = PFAddSecondViewController.h; sourceTree = "<group>"; };
		ED0F671C1D32C00300BD7096 /* PFAddSecondViewController.m */ = {isa = PBXFileReference; fileEncoding = 4; lastKnownFileType = sourcecode.c.objc; path = PFAddSecondViewController.m; sourceTree = "<group>"; };
		ED0F671E1D32CC4800BD7096 /* PFRestaurantTextFieldCell.h */ = {isa = PBXFileReference; fileEncoding = 4; lastKnownFileType = sourcecode.c.h; path = PFRestaurantTextFieldCell.h; sourceTree = "<group>"; };
		ED0F671F1D32CC4800BD7096 /* PFRestaurantTextFieldCell.m */ = {isa = PBXFileReference; fileEncoding = 4; lastKnownFileType = sourcecode.c.objc; path = PFRestaurantTextFieldCell.m; sourceTree = "<group>"; };
		ED3D343A1D33794D00B6A6D5 /* PFChooseLocationTableViewCell.h */ = {isa = PBXFileReference; fileEncoding = 4; lastKnownFileType = sourcecode.c.h; path = PFChooseLocationTableViewCell.h; sourceTree = "<group>"; };
		ED3D343B1D33794D00B6A6D5 /* PFChooseLocationTableViewCell.m */ = {isa = PBXFileReference; fileEncoding = 4; lastKnownFileType = sourcecode.c.objc; path = PFChooseLocationTableViewCell.m; sourceTree = "<group>"; };
		ED3D343E1D337B7C00B6A6D5 /* TLTagsControl.h */ = {isa = PBXFileReference; fileEncoding = 4; lastKnownFileType = sourcecode.c.h; path = TLTagsControl.h; sourceTree = "<group>"; };
		ED3D343F1D337B7C00B6A6D5 /* TLTagsControl.m */ = {isa = PBXFileReference; fileEncoding = 4; lastKnownFileType = sourcecode.c.objc; path = TLTagsControl.m; sourceTree = "<group>"; };
		ED3D34411D337B9D00B6A6D5 /* PFTagTableViewCell.h */ = {isa = PBXFileReference; fileEncoding = 4; lastKnownFileType = sourcecode.c.h; path = PFTagTableViewCell.h; sourceTree = "<group>"; };
		ED3D34421D337B9D00B6A6D5 /* PFTagTableViewCell.m */ = {isa = PBXFileReference; fileEncoding = 4; lastKnownFileType = sourcecode.c.objc; path = PFTagTableViewCell.m; sourceTree = "<group>"; };
		ED3D34451D33B99800B6A6D5 /* PFItemPicker.h */ = {isa = PBXFileReference; fileEncoding = 4; lastKnownFileType = sourcecode.c.h; path = PFItemPicker.h; sourceTree = "<group>"; };
		ED3D34461D33B99800B6A6D5 /* PFItemPicker.m */ = {isa = PBXFileReference; fileEncoding = 4; lastKnownFileType = sourcecode.c.objc; path = PFItemPicker.m; sourceTree = "<group>"; };
		ED41D2551D2F9E8600B2196B /* PFImagePicker.h */ = {isa = PBXFileReference; fileEncoding = 4; lastKnownFileType = sourcecode.c.h; path = PFImagePicker.h; sourceTree = "<group>"; };
		ED41D2561D2F9E8600B2196B /* PFImagePicker.m */ = {isa = PBXFileReference; fileEncoding = 4; lastKnownFileType = sourcecode.c.objc; path = PFImagePicker.m; sourceTree = "<group>"; };
		ED41D25A1D2FA28C00B2196B /* PFImagePickerCell.h */ = {isa = PBXFileReference; fileEncoding = 4; lastKnownFileType = sourcecode.c.h; path = PFImagePickerCell.h; sourceTree = "<group>"; };
		ED41D25B1D2FA28C00B2196B /* PFImagePickerCell.m */ = {isa = PBXFileReference; fileEncoding = 4; lastKnownFileType = sourcecode.c.objc; path = PFImagePickerCell.m; sourceTree = "<group>"; };
		ED41D25E1D2FB72F00B2196B /* NSIndexSet+Convenience.h */ = {isa = PBXFileReference; fileEncoding = 4; lastKnownFileType = sourcecode.c.h; path = "NSIndexSet+Convenience.h"; sourceTree = "<group>"; };
		ED41D25F1D2FB72F00B2196B /* NSIndexSet+Convenience.m */ = {isa = PBXFileReference; fileEncoding = 4; lastKnownFileType = sourcecode.c.objc; path = "NSIndexSet+Convenience.m"; sourceTree = "<group>"; };
		ED41D2601D2FB72F00B2196B /* UICollectionView+Convenience.h */ = {isa = PBXFileReference; fileEncoding = 4; lastKnownFileType = sourcecode.c.h; path = "UICollectionView+Convenience.h"; sourceTree = "<group>"; };
		ED41D2611D2FB72F00B2196B /* UICollectionView+Convenience.m */ = {isa = PBXFileReference; fileEncoding = 4; lastKnownFileType = sourcecode.c.objc; path = "UICollectionView+Convenience.m"; sourceTree = "<group>"; };
		ED41D26A1D2FFEE100B2196B /* PFAddFirstViewController.h */ = {isa = PBXFileReference; fileEncoding = 4; lastKnownFileType = sourcecode.c.h; path = PFAddFirstViewController.h; sourceTree = "<group>"; };
		ED41D26B1D2FFEE100B2196B /* PFAddFirstViewController.m */ = {isa = PBXFileReference; fileEncoding = 4; lastKnownFileType = sourcecode.c.objc; path = PFAddFirstViewController.m; sourceTree = "<group>"; };
		ED41D26E1D3008DA00B2196B /* PFImagePreviewCell.h */ = {isa = PBXFileReference; fileEncoding = 4; lastKnownFileType = sourcecode.c.h; path = PFImagePreviewCell.h; sourceTree = "<group>"; };
		ED41D26F1D3008DA00B2196B /* PFImagePreviewCell.m */ = {isa = PBXFileReference; fileEncoding = 4; lastKnownFileType = sourcecode.c.objc; path = PFImagePreviewCell.m; sourceTree = "<group>"; };
		ED41D2711D30095800B2196B /* PFTextFieldCell.h */ = {isa = PBXFileReference; fileEncoding = 4; lastKnownFileType = sourcecode.c.h; path = PFTextFieldCell.h; sourceTree = "<group>"; };
		ED41D2721D30095800B2196B /* PFTextFieldCell.m */ = {isa = PBXFileReference; fileEncoding = 4; lastKnownFileType = sourcecode.c.objc; path = PFTextFieldCell.m; sourceTree = "<group>"; };
		ED41D2741D30171000B2196B /* PFImagePreviewCollectionViewCell.h */ = {isa = PBXFileReference; fileEncoding = 4; lastKnownFileType = sourcecode.c.h; path = PFImagePreviewCollectionViewCell.h; sourceTree = "<group>"; };
		ED41D2751D30171000B2196B /* PFImagePreviewCollectionViewCell.m */ = {isa = PBXFileReference; fileEncoding = 4; lastKnownFileType = sourcecode.c.objc; path = PFImagePreviewCollectionViewCell.m; sourceTree = "<group>"; };
		EDB916F21D2E883000A96798 /* ProjectFood.app */ = {isa = PBXFileReference; explicitFileType = wrapper.application; includeInIndex = 0; path = ProjectFood.app; sourceTree = BUILT_PRODUCTS_DIR; };
		EDB916F61D2E883000A96798 /* main.m */ = {isa = PBXFileReference; lastKnownFileType = sourcecode.c.objc; path = main.m; sourceTree = "<group>"; };
		EDB916F81D2E883000A96798 /* AppDelegate.h */ = {isa = PBXFileReference; lastKnownFileType = sourcecode.c.h; path = AppDelegate.h; sourceTree = "<group>"; };
		EDB916F91D2E883000A96798 /* AppDelegate.m */ = {isa = PBXFileReference; lastKnownFileType = sourcecode.c.objc; path = AppDelegate.m; sourceTree = "<group>"; };
		EDB916FF1D2E883000A96798 /* Base */ = {isa = PBXFileReference; lastKnownFileType = file.storyboard; name = Base; path = Base.lproj/Main.storyboard; sourceTree = "<group>"; };
		EDB917011D2E883000A96798 /* Assets.xcassets */ = {isa = PBXFileReference; lastKnownFileType = folder.assetcatalog; path = Assets.xcassets; sourceTree = "<group>"; };
		EDB917041D2E883000A96798 /* Base */ = {isa = PBXFileReference; lastKnownFileType = file.storyboard; name = Base; path = Base.lproj/LaunchScreen.storyboard; sourceTree = "<group>"; };
		EDB917061D2E883000A96798 /* Info.plist */ = {isa = PBXFileReference; lastKnownFileType = text.plist.xml; path = Info.plist; sourceTree = "<group>"; };
		EDB9170C1D2E88DE00A96798 /* PFNearByViewController.h */ = {isa = PBXFileReference; fileEncoding = 4; lastKnownFileType = sourcecode.c.h; path = PFNearByViewController.h; sourceTree = "<group>"; };
		EDB9170D1D2E88DE00A96798 /* PFNearByViewController.m */ = {isa = PBXFileReference; fileEncoding = 4; lastKnownFileType = sourcecode.c.objc; path = PFNearByViewController.m; sourceTree = "<group>"; };
		EDB9170F1D2E892000A96798 /* PFFavouritesViewController.h */ = {isa = PBXFileReference; fileEncoding = 4; lastKnownFileType = sourcecode.c.h; path = PFFavouritesViewController.h; sourceTree = "<group>"; };
		EDB917101D2E892000A96798 /* PFFavouritesViewController.m */ = {isa = PBXFileReference; fileEncoding = 4; lastKnownFileType = sourcecode.c.objc; path = PFFavouritesViewController.m; sourceTree = "<group>"; };
		EDB917121D2E892D00A96798 /* PFAccountViewController.h */ = {isa = PBXFileReference; fileEncoding = 4; lastKnownFileType = sourcecode.c.h; path = PFAccountViewController.h; sourceTree = "<group>"; };
		EDB917131D2E892D00A96798 /* PFAccountViewController.m */ = {isa = PBXFileReference; fileEncoding = 4; lastKnownFileType = sourcecode.c.objc; path = PFAccountViewController.m; sourceTree = "<group>"; };
		EDB917151D2E899300A96798 /* PFTabBarViewController.h */ = {isa = PBXFileReference; fileEncoding = 4; lastKnownFileType = sourcecode.c.h; path = PFTabBarViewController.h; sourceTree = "<group>"; };
		EDB917161D2E899300A96798 /* PFTabBarViewController.m */ = {isa = PBXFileReference; fileEncoding = 4; lastKnownFileType = sourcecode.c.objc; path = PFTabBarViewController.m; sourceTree = "<group>"; };
		EDB917181D2E8A9300A96798 /* PFConstants.h */ = {isa = PBXFileReference; fileEncoding = 4; lastKnownFileType = sourcecode.c.h; path = PFConstants.h; sourceTree = "<group>"; };
		EDB917191D2E8A9300A96798 /* PFConstants.m */ = {isa = PBXFileReference; fileEncoding = 4; lastKnownFileType = sourcecode.c.objc; path = PFConstants.m; sourceTree = "<group>"; };
		EDB9171B1D2E8C0200A96798 /* GoogleService-Info.plist */ = {isa = PBXFileReference; fileEncoding = 4; lastKnownFileType = text.plist.xml; path = "GoogleService-Info.plist"; sourceTree = "<group>"; };
		EDB9171D1D2E8D5000A96798 /* FBSDKCoreKit.framework */ = {isa = PBXFileReference; lastKnownFileType = wrapper.framework; path = FBSDKCoreKit.framework; sourceTree = "<group>"; };
		EDB9171E1D2E8D5000A96798 /* FBSDKLoginKit.framework */ = {isa = PBXFileReference; lastKnownFileType = wrapper.framework; path = FBSDKLoginKit.framework; sourceTree = "<group>"; };
		EDB9171F1D2E8D5000A96798 /* FBSDKShareKit.framework */ = {isa = PBXFileReference; lastKnownFileType = wrapper.framework; path = FBSDKShareKit.framework; sourceTree = "<group>"; };
		EDB917231D2E93ED00A96798 /* PFSignInViewController.h */ = {isa = PBXFileReference; fileEncoding = 4; lastKnownFileType = sourcecode.c.h; path = PFSignInViewController.h; sourceTree = "<group>"; };
		EDB917241D2E93ED00A96798 /* PFSignInViewController.m */ = {isa = PBXFileReference; fileEncoding = 4; lastKnownFileType = sourcecode.c.objc; path = PFSignInViewController.m; sourceTree = "<group>"; };
		EDB917261D2E967C00A96798 /* PFManager.h */ = {isa = PBXFileReference; fileEncoding = 4; lastKnownFileType = sourcecode.c.h; path = PFManager.h; sourceTree = "<group>"; };
		EDB917271D2E967C00A96798 /* PFManager.m */ = {isa = PBXFileReference; fileEncoding = 4; lastKnownFileType = sourcecode.c.objc; path = PFManager.m; sourceTree = "<group>"; };
		EDB917291D2E9ADF00A96798 /* PFLocationViewController.h */ = {isa = PBXFileReference; fileEncoding = 4; lastKnownFileType = sourcecode.c.h; path = PFLocationViewController.h; sourceTree = "<group>"; };
		EDB9172A1D2E9ADF00A96798 /* PFLocationViewController.m */ = {isa = PBXFileReference; fileEncoding = 4; lastKnownFileType = sourcecode.c.objc; path = PFLocationViewController.m; sourceTree = "<group>"; };
		EDB9172C1D2E9B6600A96798 /* NSMutableDictionary+TFALocation.h */ = {isa = PBXFileReference; fileEncoding = 4; lastKnownFileType = sourcecode.c.h; path = "NSMutableDictionary+TFALocation.h"; sourceTree = "<group>"; };
		EDB9172D1D2E9B6600A96798 /* NSMutableDictionary+TFALocation.m */ = {isa = PBXFileReference; fileEncoding = 4; lastKnownFileType = sourcecode.c.objc; path = "NSMutableDictionary+TFALocation.m"; sourceTree = "<group>"; };
		EDB9172F1D2E9D5100A96798 /* PFLocationPicker.h */ = {isa = PBXFileReference; fileEncoding = 4; lastKnownFileType = sourcecode.c.h; path = PFLocationPicker.h; sourceTree = "<group>"; };
		EDB917301D2E9D5100A96798 /* PFLocationPicker.m */ = {isa = PBXFileReference; fileEncoding = 4; lastKnownFileType = sourcecode.c.objc; path = PFLocationPicker.m; sourceTree = "<group>"; };
/* End PBXFileReference section */

/* Begin PBXFrameworksBuildPhase section */
		EDB916EF1D2E883000A96798 /* Frameworks */ = {
			isa = PBXFrameworksBuildPhase;
			buildActionMask = 2147483647;
			files = (
				EDB917221D2E8D5000A96798 /* FBSDKShareKit.framework in Frameworks */,
				40DD647892E9CBCF7D32DEFD /* libPods-ProjectFood.a in Frameworks */,
				EDB917201D2E8D5000A96798 /* FBSDKCoreKit.framework in Frameworks */,
				EDB917211D2E8D5000A96798 /* FBSDKLoginKit.framework in Frameworks */,
			);
			runOnlyForDeploymentPostprocessing = 0;
		};
/* End PBXFrameworksBuildPhase section */

/* Begin PBXGroup section */
		772EBBD335FCE5FB2EA9CCA4 /* Pods */ = {
			isa = PBXGroup;
			children = (
				E9F293AB38F12F2C9984F0B1 /* Pods-ProjectFood.debug.xcconfig */,
				2E0ADD0448FA22D6AF68FDCD /* Pods-ProjectFood.release.xcconfig */,
			);
			name = Pods;
			sourceTree = "<group>";
		};
		958E69378C622FAC08205846 /* Frameworks */ = {
			isa = PBXGroup;
			children = (
				7871B45FABE33A3C829D84A8 /* libPods-ProjectFood.a */,
				EDB9171D1D2E8D5000A96798 /* FBSDKCoreKit.framework */,
				EDB9171E1D2E8D5000A96798 /* FBSDKLoginKit.framework */,
				EDB9171F1D2E8D5000A96798 /* FBSDKShareKit.framework */,
			);
			name = Frameworks;
			sourceTree = "<group>";
		};
		ED3D343D1D337B6F00B6A6D5 /* Tag Controls */ = {
			isa = PBXGroup;
			children = (
				ED3D343E1D337B7C00B6A6D5 /* TLTagsControl.h */,
				ED3D343F1D337B7C00B6A6D5 /* TLTagsControl.m */,
			);
			name = "Tag Controls";
			sourceTree = "<group>";
		};
		ED3D34441D33B69700B6A6D5 /* Item picker */ = {
			isa = PBXGroup;
			children = (
				ED3D34451D33B99800B6A6D5 /* PFItemPicker.h */,
				ED3D34461D33B99800B6A6D5 /* PFItemPicker.m */,
			);
			name = "Item picker";
			sourceTree = "<group>";
		};
		ED41D2581D2FA25C00B2196B /* Image picker */ = {
			isa = PBXGroup;
			children = (
				ED41D2551D2F9E8600B2196B /* PFImagePicker.h */,
				ED41D2561D2F9E8600B2196B /* PFImagePicker.m */,
			);
			name = "Image picker";
			sourceTree = "<group>";
		};
		ED41D2591D2FA26A00B2196B /* CollectionView cells */ = {
			isa = PBXGroup;
			children = (
				ED41D25A1D2FA28C00B2196B /* PFImagePickerCell.h */,
				ED41D25B1D2FA28C00B2196B /* PFImagePickerCell.m */,
				ED41D2741D30171000B2196B /* PFImagePreviewCollectionViewCell.h */,
				ED41D2751D30171000B2196B /* PFImagePreviewCollectionViewCell.m */,
			);
			name = "CollectionView cells";
			sourceTree = "<group>";
		};
		ED41D25D1D2FB6F800B2196B /* Image picker convenience */ = {
			isa = PBXGroup;
			children = (
				ED41D25E1D2FB72F00B2196B /* NSIndexSet+Convenience.h */,
				ED41D25F1D2FB72F00B2196B /* NSIndexSet+Convenience.m */,
				ED41D2601D2FB72F00B2196B /* UICollectionView+Convenience.h */,
				ED41D2611D2FB72F00B2196B /* UICollectionView+Convenience.m */,
			);
			name = "Image picker convenience";
			sourceTree = "<group>";
		};
		ED41D2691D2FFEC800B2196B /* Add */ = {
			isa = PBXGroup;
			children = (
				ED41D26A1D2FFEE100B2196B /* PFAddFirstViewController.h */,
				ED41D26B1D2FFEE100B2196B /* PFAddFirstViewController.m */,
				ED0F671B1D32C00300BD7096 /* PFAddSecondViewController.h */,
				ED0F671C1D32C00300BD7096 /* PFAddSecondViewController.m */,
			);
			name = Add;
			sourceTree = "<group>";
		};
		ED41D26D1D3008AB00B2196B /* TableView cells */ = {
			isa = PBXGroup;
			children = (
				ED41D26E1D3008DA00B2196B /* PFImagePreviewCell.h */,
				ED41D26F1D3008DA00B2196B /* PFImagePreviewCell.m */,
				ED41D2711D30095800B2196B /* PFTextFieldCell.h */,
				ED41D2721D30095800B2196B /* PFTextFieldCell.m */,
				ED0F67181D327E5500BD7096 /* PFTextViewCell.h */,
				ED0F67191D327E5500BD7096 /* PFTextViewCell.m */,
				ED0F671E1D32CC4800BD7096 /* PFRestaurantTextFieldCell.h */,
				ED0F671F1D32CC4800BD7096 /* PFRestaurantTextFieldCell.m */,
				ED3D343A1D33794D00B6A6D5 /* PFChooseLocationTableViewCell.h */,
				ED3D343B1D33794D00B6A6D5 /* PFChooseLocationTableViewCell.m */,
				ED3D34411D337B9D00B6A6D5 /* PFTagTableViewCell.h */,
				ED3D34421D337B9D00B6A6D5 /* PFTagTableViewCell.m */,
			);
			name = "TableView cells";
			sourceTree = "<group>";
		};
		EDB916E91D2E883000A96798 = {
			isa = PBXGroup;
			children = (
				EDB916F41D2E883000A96798 /* ProjectFood */,
				EDB916F31D2E883000A96798 /* Products */,
				772EBBD335FCE5FB2EA9CCA4 /* Pods */,
				958E69378C622FAC08205846 /* Frameworks */,
			);
			sourceTree = "<group>";
		};
		EDB916F31D2E883000A96798 /* Products */ = {
			isa = PBXGroup;
			children = (
				EDB916F21D2E883000A96798 /* ProjectFood.app */,
			);
			name = Products;
			sourceTree = "<group>";
		};
		EDB916F41D2E883000A96798 /* ProjectFood */ = {
			isa = PBXGroup;
			children = (
				EDB916F81D2E883000A96798 /* AppDelegate.h */,
				EDB916F91D2E883000A96798 /* AppDelegate.m */,
				EDB917DF1D2ED60A00A96798 /* ViewControllers */,
				EDB917E51D2ED65D00A96798 /* Modal */,
				EDB917E81D2ED68D00A96798 /* UI Elements */,
				EDB916FE1D2E883000A96798 /* Main.storyboard */,
				EDB917011D2E883000A96798 /* Assets.xcassets */,
				EDB917031D2E883000A96798 /* LaunchScreen.storyboard */,
				EDB917061D2E883000A96798 /* Info.plist */,
				EDB9171B1D2E8C0200A96798 /* GoogleService-Info.plist */,
				EDB916F51D2E883000A96798 /* Supporting Files */,
			);
			path = ProjectFood;
			sourceTree = "<group>";
		};
		EDB916F51D2E883000A96798 /* Supporting Files */ = {
			isa = PBXGroup;
			children = (
				EDB916F61D2E883000A96798 /* main.m */,
			);
			name = "Supporting Files";
			sourceTree = "<group>";
		};
		EDB917DF1D2ED60A00A96798 /* ViewControllers */ = {
			isa = PBXGroup;
			children = (
				ED41D2691D2FFEC800B2196B /* Add */,
				EDB917E01D2ED61900A96798 /* Near by */,
				EDB917E11D2ED62800A96798 /* Fav */,
				EDB917E21D2ED62E00A96798 /* Account */,
				EDB917E31D2ED63700A96798 /* TabBar */,
				EDB917E41D2ED64600A96798 /* Sign in */,
			);
			name = ViewControllers;
			sourceTree = "<group>";
		};
		EDB917E01D2ED61900A96798 /* Near by */ = {
			isa = PBXGroup;
			children = (
				EDB9170C1D2E88DE00A96798 /* PFNearByViewController.h */,
				EDB9170D1D2E88DE00A96798 /* PFNearByViewController.m */,
			);
			name = "Near by";
			sourceTree = "<group>";
		};
		EDB917E11D2ED62800A96798 /* Fav */ = {
			isa = PBXGroup;
			children = (
				EDB9170F1D2E892000A96798 /* PFFavouritesViewController.h */,
				EDB917101D2E892000A96798 /* PFFavouritesViewController.m */,
			);
			name = Fav;
			sourceTree = "<group>";
		};
		EDB917E21D2ED62E00A96798 /* Account */ = {
			isa = PBXGroup;
			children = (
				EDB917121D2E892D00A96798 /* PFAccountViewController.h */,
				EDB917131D2E892D00A96798 /* PFAccountViewController.m */,
			);
			name = Account;
			sourceTree = "<group>";
		};
		EDB917E31D2ED63700A96798 /* TabBar */ = {
			isa = PBXGroup;
			children = (
				EDB917151D2E899300A96798 /* PFTabBarViewController.h */,
				EDB917161D2E899300A96798 /* PFTabBarViewController.m */,
			);
			name = TabBar;
			sourceTree = "<group>";
		};
		EDB917E41D2ED64600A96798 /* Sign in */ = {
			isa = PBXGroup;
			children = (
				EDB917231D2E93ED00A96798 /* PFSignInViewController.h */,
				EDB917241D2E93ED00A96798 /* PFSignInViewController.m */,
				EDB917291D2E9ADF00A96798 /* PFLocationViewController.h */,
				EDB9172A1D2E9ADF00A96798 /* PFLocationViewController.m */,
			);
			name = "Sign in";
			sourceTree = "<group>";
		};
		EDB917E51D2ED65D00A96798 /* Modal */ = {
			isa = PBXGroup;
			children = (
				ED41D25D1D2FB6F800B2196B /* Image picker convenience */,
				EDB917E61D2ED67100A96798 /* Location object */,
				EDB917E71D2ED67F00A96798 /* Constants */,
				EDB917261D2E967C00A96798 /* PFManager.h */,
				EDB917271D2E967C00A96798 /* PFManager.m */,
			);
			name = Modal;
			sourceTree = "<group>";
		};
		EDB917E61D2ED67100A96798 /* Location object */ = {
			isa = PBXGroup;
			children = (
				EDB9172C1D2E9B6600A96798 /* NSMutableDictionary+TFALocation.h */,
				EDB9172D1D2E9B6600A96798 /* NSMutableDictionary+TFALocation.m */,
			);
			name = "Location object";
			sourceTree = "<group>";
		};
		EDB917E71D2ED67F00A96798 /* Constants */ = {
			isa = PBXGroup;
			children = (
				EDB917181D2E8A9300A96798 /* PFConstants.h */,
				EDB917191D2E8A9300A96798 /* PFConstants.m */,
			);
			name = Constants;
			sourceTree = "<group>";
		};
		EDB917E81D2ED68D00A96798 /* UI Elements */ = {
			isa = PBXGroup;
			children = (
				ED3D34441D33B69700B6A6D5 /* Item picker */,
				ED3D343D1D337B6F00B6A6D5 /* Tag Controls */,
				ED41D26D1D3008AB00B2196B /* TableView cells */,
				ED41D2591D2FA26A00B2196B /* CollectionView cells */,
				EDB917E91D2ED6B100A96798 /* Location picker */,
				ED41D2581D2FA25C00B2196B /* Image picker */,
			);
			name = "UI Elements";
			sourceTree = "<group>";
		};
		EDB917E91D2ED6B100A96798 /* Location picker */ = {
			isa = PBXGroup;
			children = (
				EDB9172F1D2E9D5100A96798 /* PFLocationPicker.h */,
				EDB917301D2E9D5100A96798 /* PFLocationPicker.m */,
			);
			name = "Location picker";
			sourceTree = "<group>";
		};
/* End PBXGroup section */

/* Begin PBXNativeTarget section */
		EDB916F11D2E883000A96798 /* ProjectFood */ = {
			isa = PBXNativeTarget;
			buildConfigurationList = EDB917091D2E883000A96798 /* Build configuration list for PBXNativeTarget "ProjectFood" */;
			buildPhases = (
				F46B2B0A522963558BEC9C41 /* [CP] Check Pods Manifest.lock */,
				EDB916EE1D2E883000A96798 /* Sources */,
				EDB916EF1D2E883000A96798 /* Frameworks */,
				EDB916F01D2E883000A96798 /* Resources */,
				4C150518EE8BB20C93DF81FA /* [CP] Embed Pods Frameworks */,
				1EB0F71AACE12711CC253F39 /* [CP] Copy Pods Resources */,
			);
			buildRules = (
			);
			dependencies = (
			);
			name = ProjectFood;
			productName = ProjectFood;
			productReference = EDB916F21D2E883000A96798 /* ProjectFood.app */;
			productType = "com.apple.product-type.application";
		};
/* End PBXNativeTarget section */

/* Begin PBXProject section */
		EDB916EA1D2E883000A96798 /* Project object */ = {
			isa = PBXProject;
			attributes = {
				CLASSPREFIX = PF;
				LastUpgradeCheck = 0730;
				ORGANIZATIONNAME = "Abbin Varghese";
				TargetAttributes = {
					EDB916F11D2E883000A96798 = {
						CreatedOnToolsVersion = 7.3;
					};
				};
			};
			buildConfigurationList = EDB916ED1D2E883000A96798 /* Build configuration list for PBXProject "ProjectFood" */;
			compatibilityVersion = "Xcode 3.2";
			developmentRegion = English;
			hasScannedForEncodings = 0;
			knownRegions = (
				en,
				Base,
			);
			mainGroup = EDB916E91D2E883000A96798;
			productRefGroup = EDB916F31D2E883000A96798 /* Products */;
			projectDirPath = "";
			projectRoot = "";
			targets = (
				EDB916F11D2E883000A96798 /* ProjectFood */,
			);
		};
/* End PBXProject section */

/* Begin PBXResourcesBuildPhase section */
		EDB916F01D2E883000A96798 /* Resources */ = {
			isa = PBXResourcesBuildPhase;
			buildActionMask = 2147483647;
			files = (
				EDB917051D2E883000A96798 /* LaunchScreen.storyboard in Resources */,
				EDB9171C1D2E8C0200A96798 /* GoogleService-Info.plist in Resources */,
				EDB917021D2E883000A96798 /* Assets.xcassets in Resources */,
				EDB917001D2E883000A96798 /* Main.storyboard in Resources */,
			);
			runOnlyForDeploymentPostprocessing = 0;
		};
/* End PBXResourcesBuildPhase section */

/* Begin PBXShellScriptBuildPhase section */
		1EB0F71AACE12711CC253F39 /* [CP] Copy Pods Resources */ = {
			isa = PBXShellScriptBuildPhase;
			buildActionMask = 2147483647;
			files = (
			);
			inputPaths = (
			);
			name = "[CP] Copy Pods Resources";
			outputPaths = (
			);
			runOnlyForDeploymentPostprocessing = 0;
			shellPath = /bin/sh;
			shellScript = "\"${SRCROOT}/Pods/Target Support Files/Pods-ProjectFood/Pods-ProjectFood-resources.sh\"\n";
			showEnvVarsInLog = 0;
		};
		4C150518EE8BB20C93DF81FA /* [CP] Embed Pods Frameworks */ = {
			isa = PBXShellScriptBuildPhase;
			buildActionMask = 2147483647;
			files = (
			);
			inputPaths = (
			);
			name = "[CP] Embed Pods Frameworks";
			outputPaths = (
			);
			runOnlyForDeploymentPostprocessing = 0;
			shellPath = /bin/sh;
			shellScript = "\"${SRCROOT}/Pods/Target Support Files/Pods-ProjectFood/Pods-ProjectFood-frameworks.sh\"\n";
			showEnvVarsInLog = 0;
		};
		F46B2B0A522963558BEC9C41 /* [CP] Check Pods Manifest.lock */ = {
			isa = PBXShellScriptBuildPhase;
			buildActionMask = 2147483647;
			files = (
			);
			inputPaths = (
			);
			name = "[CP] Check Pods Manifest.lock";
			outputPaths = (
			);
			runOnlyForDeploymentPostprocessing = 0;
			shellPath = /bin/sh;
			shellScript = "diff \"${PODS_ROOT}/../Podfile.lock\" \"${PODS_ROOT}/Manifest.lock\" > /dev/null\nif [[ $? != 0 ]] ; then\n    cat << EOM\nerror: The sandbox is not in sync with the Podfile.lock. Run 'pod install' or update your CocoaPods installation.\nEOM\n    exit 1\nfi\n";
			showEnvVarsInLog = 0;
		};
/* End PBXShellScriptBuildPhase section */

/* Begin PBXSourcesBuildPhase section */
		EDB916EE1D2E883000A96798 /* Sources */ = {
			isa = PBXSourcesBuildPhase;
			buildActionMask = 2147483647;
			files = (
				EDB917251D2E93ED00A96798 /* PFSignInViewController.m in Sources */,
				ED0F671A1D327E5500BD7096 /* PFTextViewCell.m in Sources */,
				ED3D34431D337B9D00B6A6D5 /* PFTagTableViewCell.m in Sources */,
				EDB917141D2E892D00A96798 /* PFAccountViewController.m in Sources */,
				EDB917111D2E892000A96798 /* PFFavouritesViewController.m in Sources */,
				ED41D2761D30171000B2196B /* PFImagePreviewCollectionViewCell.m in Sources */,
				ED3D343C1D33794D00B6A6D5 /* PFChooseLocationTableViewCell.m in Sources */,
				ED41D25C1D2FA28C00B2196B /* PFImagePickerCell.m in Sources */,
				ED41D2621D2FB72F00B2196B /* NSIndexSet+Convenience.m in Sources */,
				ED3D34471D33B99800B6A6D5 /* PFItemPicker.m in Sources */,
				EDB9172E1D2E9B6600A96798 /* NSMutableDictionary+TFALocation.m in Sources */,
				ED0F67201D32CC4800BD7096 /* PFRestaurantTextFieldCell.m in Sources */,
				ED41D2631D2FB72F00B2196B /* UICollectionView+Convenience.m in Sources */,
				EDB9171A1D2E8A9300A96798 /* PFConstants.m in Sources */,
				EDB917281D2E967C00A96798 /* PFManager.m in Sources */,
				EDB917171D2E899300A96798 /* PFTabBarViewController.m in Sources */,
				ED41D2731D30095800B2196B /* PFTextFieldCell.m in Sources */,
				ED3D34401D337B7C00B6A6D5 /* TLTagsControl.m in Sources */,
				ED41D2701D3008DA00B2196B /* PFImagePreviewCell.m in Sources */,
				ED0F671D1D32C00300BD7096 /* PFAddSecondViewController.m in Sources */,
				ED41D26C1D2FFEE100B2196B /* PFAddFirstViewController.m in Sources */,
				EDB916FA1D2E883000A96798 /* AppDelegate.m in Sources */,
				EDB9172B1D2E9ADF00A96798 /* PFLocationViewController.m in Sources */,
				EDB9170E1D2E88DE00A96798 /* PFNearByViewController.m in Sources */,
				EDB917311D2E9D5100A96798 /* PFLocationPicker.m in Sources */,
				EDB916F71D2E883000A96798 /* main.m in Sources */,
				ED41D2571D2F9E8600B2196B /* PFImagePicker.m in Sources */,
			);
			runOnlyForDeploymentPostprocessing = 0;
		};
/* End PBXSourcesBuildPhase section */

/* Begin PBXVariantGroup section */
		EDB916FE1D2E883000A96798 /* Main.storyboard */ = {
			isa = PBXVariantGroup;
			children = (
				EDB916FF1D2E883000A96798 /* Base */,
			);
			name = Main.storyboard;
			sourceTree = "<group>";
		};
		EDB917031D2E883000A96798 /* LaunchScreen.storyboard */ = {
			isa = PBXVariantGroup;
			children = (
				EDB917041D2E883000A96798 /* Base */,
			);
			name = LaunchScreen.storyboard;
			sourceTree = "<group>";
		};
/* End PBXVariantGroup section */

/* Begin XCBuildConfiguration section */
		EDB917071D2E883000A96798 /* Debug */ = {
			isa = XCBuildConfiguration;
			buildSettings = {
				ALWAYS_SEARCH_USER_PATHS = NO;
				CLANG_ANALYZER_NONNULL = YES;
				CLANG_CXX_LANGUAGE_STANDARD = "gnu++0x";
				CLANG_CXX_LIBRARY = "libc++";
				CLANG_ENABLE_MODULES = YES;
				CLANG_ENABLE_OBJC_ARC = YES;
				CLANG_WARN_BOOL_CONVERSION = YES;
				CLANG_WARN_CONSTANT_CONVERSION = YES;
				CLANG_WARN_DIRECT_OBJC_ISA_USAGE = YES_ERROR;
				CLANG_WARN_EMPTY_BODY = YES;
				CLANG_WARN_ENUM_CONVERSION = YES;
				CLANG_WARN_INT_CONVERSION = YES;
				CLANG_WARN_OBJC_ROOT_CLASS = YES_ERROR;
				CLANG_WARN_UNREACHABLE_CODE = YES;
				CLANG_WARN__DUPLICATE_METHOD_MATCH = YES;
				"CODE_SIGN_IDENTITY[sdk=iphoneos*]" = "iPhone Developer";
				COPY_PHASE_STRIP = NO;
				DEBUG_INFORMATION_FORMAT = dwarf;
				ENABLE_STRICT_OBJC_MSGSEND = YES;
				ENABLE_TESTABILITY = YES;
				GCC_C_LANGUAGE_STANDARD = gnu99;
				GCC_DYNAMIC_NO_PIC = NO;
				GCC_NO_COMMON_BLOCKS = YES;
				GCC_OPTIMIZATION_LEVEL = 0;
				GCC_PREPROCESSOR_DEFINITIONS = (
					"DEBUG=1",
					"$(inherited)",
				);
				GCC_WARN_64_TO_32_BIT_CONVERSION = YES;
				GCC_WARN_ABOUT_RETURN_TYPE = YES_ERROR;
				GCC_WARN_UNDECLARED_SELECTOR = YES;
				GCC_WARN_UNINITIALIZED_AUTOS = YES_AGGRESSIVE;
				GCC_WARN_UNUSED_FUNCTION = YES;
				GCC_WARN_UNUSED_VARIABLE = YES;
				IPHONEOS_DEPLOYMENT_TARGET = 9.3;
				MTL_ENABLE_DEBUG_INFO = YES;
				ONLY_ACTIVE_ARCH = YES;
				SDKROOT = iphoneos;
			};
			name = Debug;
		};
		EDB917081D2E883000A96798 /* Release */ = {
			isa = XCBuildConfiguration;
			buildSettings = {
				ALWAYS_SEARCH_USER_PATHS = NO;
				CLANG_ANALYZER_NONNULL = YES;
				CLANG_CXX_LANGUAGE_STANDARD = "gnu++0x";
				CLANG_CXX_LIBRARY = "libc++";
				CLANG_ENABLE_MODULES = YES;
				CLANG_ENABLE_OBJC_ARC = YES;
				CLANG_WARN_BOOL_CONVERSION = YES;
				CLANG_WARN_CONSTANT_CONVERSION = YES;
				CLANG_WARN_DIRECT_OBJC_ISA_USAGE = YES_ERROR;
				CLANG_WARN_EMPTY_BODY = YES;
				CLANG_WARN_ENUM_CONVERSION = YES;
				CLANG_WARN_INT_CONVERSION = YES;
				CLANG_WARN_OBJC_ROOT_CLASS = YES_ERROR;
				CLANG_WARN_UNREACHABLE_CODE = YES;
				CLANG_WARN__DUPLICATE_METHOD_MATCH = YES;
				"CODE_SIGN_IDENTITY[sdk=iphoneos*]" = "iPhone Developer";
				COPY_PHASE_STRIP = NO;
				DEBUG_INFORMATION_FORMAT = "dwarf-with-dsym";
				ENABLE_NS_ASSERTIONS = NO;
				ENABLE_STRICT_OBJC_MSGSEND = YES;
				GCC_C_LANGUAGE_STANDARD = gnu99;
				GCC_NO_COMMON_BLOCKS = YES;
				GCC_WARN_64_TO_32_BIT_CONVERSION = YES;
				GCC_WARN_ABOUT_RETURN_TYPE = YES_ERROR;
				GCC_WARN_UNDECLARED_SELECTOR = YES;
				GCC_WARN_UNINITIALIZED_AUTOS = YES_AGGRESSIVE;
				GCC_WARN_UNUSED_FUNCTION = YES;
				GCC_WARN_UNUSED_VARIABLE = YES;
				IPHONEOS_DEPLOYMENT_TARGET = 9.3;
				MTL_ENABLE_DEBUG_INFO = NO;
				SDKROOT = iphoneos;
				VALIDATE_PRODUCT = YES;
			};
			name = Release;
		};
		EDB9170A1D2E883000A96798 /* Debug */ = {
			isa = XCBuildConfiguration;
			baseConfigurationReference = E9F293AB38F12F2C9984F0B1 /* Pods-ProjectFood.debug.xcconfig */;
			buildSettings = {
				ASSETCATALOG_COMPILER_APPICON_NAME = AppIcon;
				FRAMEWORK_SEARCH_PATHS = (
					"$(inherited)",
					"$(PROJECT_DIR)",
				);
				INFOPLIST_FILE = ProjectFood/Info.plist;
				IPHONEOS_DEPLOYMENT_TARGET = 9.0;
				LD_RUNPATH_SEARCH_PATHS = "$(inherited) @executable_path/Frameworks";
				PRODUCT_BUNDLE_IDENTIFIER = ThePaadamCompany.ProjectFood;
				PRODUCT_NAME = "$(TARGET_NAME)";
			};
			name = Debug;
		};
		EDB9170B1D2E883000A96798 /* Release */ = {
			isa = XCBuildConfiguration;
			baseConfigurationReference = 2E0ADD0448FA22D6AF68FDCD /* Pods-ProjectFood.release.xcconfig */;
			buildSettings = {
				ASSETCATALOG_COMPILER_APPICON_NAME = AppIcon;
				FRAMEWORK_SEARCH_PATHS = (
					"$(inherited)",
					"$(PROJECT_DIR)",
				);
				INFOPLIST_FILE = ProjectFood/Info.plist;
				IPHONEOS_DEPLOYMENT_TARGET = 9.0;
				LD_RUNPATH_SEARCH_PATHS = "$(inherited) @executable_path/Frameworks";
				PRODUCT_BUNDLE_IDENTIFIER = ThePaadamCompany.ProjectFood;
				PRODUCT_NAME = "$(TARGET_NAME)";
			};
			name = Release;
		};
/* End XCBuildConfiguration section */

/* Begin XCConfigurationList section */
		EDB916ED1D2E883000A96798 /* Build configuration list for PBXProject "ProjectFood" */ = {
			isa = XCConfigurationList;
			buildConfigurations = (
				EDB917071D2E883000A96798 /* Debug */,
				EDB917081D2E883000A96798 /* Release */,
			);
			defaultConfigurationIsVisible = 0;
			defaultConfigurationName = Release;
		};
		EDB917091D2E883000A96798 /* Build configuration list for PBXNativeTarget "ProjectFood" */ = {
			isa = XCConfigurationList;
			buildConfigurations = (
				EDB9170A1D2E883000A96798 /* Debug */,
				EDB9170B1D2E883000A96798 /* Release */,
			);
			defaultConfigurationIsVisible = 0;
			defaultConfigurationName = Release;
		};
/* End XCConfigurationList section */
	};
	rootObject = EDB916EA1D2E883000A96798 /* Project object */;
}
