// !$*UTF8*$!
{
	archiveVersion = 1;
	classes = {
	};
	objectVersion = 46;
	objects = {

/* Begin PBXBuildFile section */
		EDB916F71D2E883000A96798 /* main.m in Sources */ = {isa = PBXBuildFile; fileRef = EDB916F61D2E883000A96798 /* main.m */; };
		EDB916FA1D2E883000A96798 /* AppDelegate.m in Sources */ = {isa = PBXBuildFile; fileRef = EDB916F91D2E883000A96798 /* AppDelegate.m */; };
		EDB916FD1D2E883000A96798 /* ViewController.m in Sources */ = {isa = PBXBuildFile; fileRef = EDB916FC1D2E883000A96798 /* ViewController.m */; };
		EDB917001D2E883000A96798 /* Main.storyboard in Resources */ = {isa = PBXBuildFile; fileRef = EDB916FE1D2E883000A96798 /* Main.storyboard */; };
		EDB917021D2E883000A96798 /* Assets.xcassets in Resources */ = {isa = PBXBuildFile; fileRef = EDB917011D2E883000A96798 /* Assets.xcassets */; };
		EDB917051D2E883000A96798 /* LaunchScreen.storyboard in Resources */ = {isa = PBXBuildFile; fileRef = EDB917031D2E883000A96798 /* LaunchScreen.storyboard */; };
/* End PBXBuildFile section */

/* Begin PBXFileReference section */
		EDB916F21D2E883000A96798 /* ProjectFood.app */ = {isa = PBXFileReference; explicitFileType = wrapper.application; includeInIndex = 0; path = ProjectFood.app; sourceTree = BUILT_PRODUCTS_DIR; };
		EDB916F61D2E883000A96798 /* main.m */ = {isa = PBXFileReference; lastKnownFileType = sourcecode.c.objc; path = main.m; sourceTree = "<group>"; };
		EDB916F81D2E883000A96798 /* AppDelegate.h */ = {isa = PBXFileReference; lastKnownFileType = sourcecode.c.h; path = AppDelegate.h; sourceTree = "<group>"; };
		EDB916F91D2E883000A96798 /* AppDelegate.m */ = {isa = PBXFileReference; lastKnownFileType = sourcecode.c.objc; path = AppDelegate.m; sourceTree = "<group>"; };
		EDB916FB1D2E883000A96798 /* ViewController.h */ = {isa = PBXFileReference; lastKnownFileType = sourcecode.c.h; path = ViewController.h; sourceTree = "<group>"; };
		EDB916FC1D2E883000A96798 /* ViewController.m */ = {isa = PBXFileReference; lastKnownFileType = sourcecode.c.objc; path = ViewController.m; sourceTree = "<group>"; };
		EDB916FF1D2E883000A96798 /* Base */ = {isa = PBXFileReference; lastKnownFileType = file.storyboard; name = Base; path = Base.lproj/Main.storyboard; sourceTree = "<group>"; };
		EDB917011D2E883000A96798 /* Assets.xcassets */ = {isa = PBXFileReference; lastKnownFileType = folder.assetcatalog; path = Assets.xcassets; sourceTree = "<group>"; };
		EDB917041D2E883000A96798 /* Base */ = {isa = PBXFileReference; lastKnownFileType = file.storyboard; name = Base; path = Base.lproj/LaunchScreen.storyboard; sourceTree = "<group>"; };
		EDB917061D2E883000A96798 /* Info.plist */ = {isa = PBXFileReference; lastKnownFileType = text.plist.xml; path = Info.plist; sourceTree = "<group>"; };
/* End PBXFileReference section */

/* Begin PBXFrameworksBuildPhase section */
		EDB916EF1D2E883000A96798 /* Frameworks */ = {
			isa = PBXFrameworksBuildPhase;
			buildActionMask = 2147483647;
			files = (
			);
			runOnlyForDeploymentPostprocessing = 0;
		};
/* End PBXFrameworksBuildPhase section */

/* Begin PBXGroup section */
		EDB916E91D2E883000A96798 = {
			isa = PBXGroup;
			children = (
				EDB916F41D2E883000A96798 /* ProjectFood */,
				EDB916F31D2E883000A96798 /* Products */,
			);
			sourceTree = "<group>";
		};
		EDB916F31D2E883000A96798 /* Products */ = {
			isa = PBXGroup;
			children = (
				EDB916F21D2E883000A96798 /* ProjectFood.app */,
			);
			name = Products;
			sourceTree = "<group>";
		};
		EDB916F41D2E883000A96798 /* ProjectFood */ = {
			isa = PBXGroup;
			children = (
				EDB916F81D2E883000A96798 /* AppDelegate.h */,
				EDB916F91D2E883000A96798 /* AppDelegate.m */,
				EDB916FB1D2E883000A96798 /* ViewController.h */,
				EDB916FC1D2E883000A96798 /* ViewController.m */,
				EDB916FE1D2E883000A96798 /* Main.storyboard */,
				EDB917011D2E883000A96798 /* Assets.xcassets */,
				EDB917031D2E883000A96798 /* LaunchScreen.storyboard */,
				EDB917061D2E883000A96798 /* Info.plist */,
				EDB916F51D2E883000A96798 /* Supporting Files */,
			);
			path = ProjectFood;
			sourceTree = "<group>";
		};
		EDB916F51D2E883000A96798 /* Supporting Files */ = {
			isa = PBXGroup;
			children = (
				EDB916F61D2E883000A96798 /* main.m */,
			);
			name = "Supporting Files";
			sourceTree = "<group>";
		};
/* End PBXGroup section */

/* Begin PBXNativeTarget section */
		EDB916F11D2E883000A96798 /* ProjectFood */ = {
			isa = PBXNativeTarget;
			buildConfigurationList = EDB917091D2E883000A96798 /* Build configuration list for PBXNativeTarget "ProjectFood" */;
			buildPhases = (
				EDB916EE1D2E883000A96798 /* Sources */,
				EDB916EF1D2E883000A96798 /* Frameworks */,
				EDB916F01D2E883000A96798 /* Resources */,
			);
			buildRules = (
			);
			dependencies = (
			);
			name = ProjectFood;
			productName = ProjectFood;
			productReference = EDB916F21D2E883000A96798 /* ProjectFood.app */;
			productType = "com.apple.product-type.application";
		};
/* End PBXNativeTarget section */

/* Begin PBXProject section */
		EDB916EA1D2E883000A96798 /* Project object */ = {
			isa = PBXProject;
			attributes = {
				LastUpgradeCheck = 0730;
				ORGANIZATIONNAME = "Abbin Varghese";
				TargetAttributes = {
					EDB916F11D2E883000A96798 = {
						CreatedOnToolsVersion = 7.3;
					};
				};
			};
			buildConfigurationList = EDB916ED1D2E883000A96798 /* Build configuration list for PBXProject "ProjectFood" */;
			compatibilityVersion = "Xcode 3.2";
			developmentRegion = English;
			hasScannedForEncodings = 0;
			knownRegions = (
				en,
				Base,
			);
			mainGroup = EDB916E91D2E883000A96798;
			productRefGroup = EDB916F31D2E883000A96798 /* Products */;
			projectDirPath = "";
			projectRoot = "";
			targets = (
				EDB916F11D2E883000A96798 /* ProjectFood */,
			);
		};
/* End PBXProject section */

/* Begin PBXResourcesBuildPhase section */
		EDB916F01D2E883000A96798 /* Resources */ = {
			isa = PBXResourcesBuildPhase;
			buildActionMask = 2147483647;
			files = (
				EDB917051D2E883000A96798 /* LaunchScreen.storyboard in Resources */,
				EDB917021D2E883000A96798 /* Assets.xcassets in Resources */,
				EDB917001D2E883000A96798 /* Main.storyboard in Resources */,
			);
			runOnlyForDeploymentPostprocessing = 0;
		};
/* End PBXResourcesBuildPhase section */

/* Begin PBXSourcesBuildPhase section */
		EDB916EE1D2E883000A96798 /* Sources */ = {
			isa = PBXSourcesBuildPhase;
			buildActionMask = 2147483647;
			files = (
				EDB916FD1D2E883000A96798 /* ViewController.m in Sources */,
				EDB916FA1D2E883000A96798 /* AppDelegate.m in Sources */,
				EDB916F71D2E883000A96798 /* main.m in Sources */,
			);
			runOnlyForDeploymentPostprocessing = 0;
		};
/* End PBXSourcesBuildPhase section */

/* Begin PBXVariantGroup section */
		EDB916FE1D2E883000A96798 /* Main.storyboard */ = {
			isa = PBXVariantGroup;
			children = (
				EDB916FF1D2E883000A96798 /* Base */,
			);
			name = Main.storyboard;
			sourceTree = "<group>";
		};
		EDB917031D2E883000A96798 /* LaunchScreen.storyboard */ = {
			isa = PBXVariantGroup;
			children = (
				EDB917041D2E883000A96798 /* Base */,
			);
			name = LaunchScreen.storyboard;
			sourceTree = "<group>";
		};
/* End PBXVariantGroup section */

/* Begin XCBuildConfiguration section */
		EDB917071D2E883000A96798 /* Debug */ = {
			isa = XCBuildConfiguration;
			buildSettings = {
				ALWAYS_SEARCH_USER_PATHS = NO;
				CLANG_ANALYZER_NONNULL = YES;
				CLANG_CXX_LANGUAGE_STANDARD = "gnu++0x";
				CLANG_CXX_LIBRARY = "libc++";
				CLANG_ENABLE_MODULES = YES;
				CLANG_ENABLE_OBJC_ARC = YES;
				CLANG_WARN_BOOL_CONVERSION = YES;
				CLANG_WARN_CONSTANT_CONVERSION = YES;
				CLANG_WARN_DIRECT_OBJC_ISA_USAGE = YES_ERROR;
				CLANG_WARN_EMPTY_BODY = YES;
				CLANG_WARN_ENUM_CONVERSION = YES;
				CLANG_WARN_INT_CONVERSION = YES;
				CLANG_WARN_OBJC_ROOT_CLASS = YES_ERROR;
				CLANG_WARN_UNREACHABLE_CODE = YES;
				CLANG_WARN__DUPLICATE_METHOD_MATCH = YES;
				"CODE_SIGN_IDENTITY[sdk=iphoneos*]" = "iPhone Developer";
				COPY_PHASE_STRIP = NO;
				DEBUG_INFORMATION_FORMAT = dwarf;
				ENABLE_STRICT_OBJC_MSGSEND = YES;
				ENABLE_TESTABILITY = YES;
				GCC_C_LANGUAGE_STANDARD = gnu99;
				GCC_DYNAMIC_NO_PIC = NO;
				GCC_NO_COMMON_BLOCKS = YES;
				GCC_OPTIMIZATION_LEVEL = 0;
				GCC_PREPROCESSOR_DEFINITIONS = (
					"DEBUG=1",
					"$(inherited)",
				);
				GCC_WARN_64_TO_32_BIT_CONVERSION = YES;
				GCC_WARN_ABOUT_RETURN_TYPE = YES_ERROR;
				GCC_WARN_UNDECLARED_SELECTOR = YES;
				GCC_WARN_UNINITIALIZED_AUTOS = YES_AGGRESSIVE;
				GCC_WARN_UNUSED_FUNCTION = YES;
				GCC_WARN_UNUSED_VARIABLE = YES;
				IPHONEOS_DEPLOYMENT_TARGET = 9.3;
				MTL_ENABLE_DEBUG_INFO = YES;
				ONLY_ACTIVE_ARCH = YES;
				SDKROOT = iphoneos;
			};
			name = Debug;
		};
		EDB917081D2E883000A96798 /* Release */ = {
			isa = XCBuildConfiguration;
			buildSettings = {
				ALWAYS_SEARCH_USER_PATHS = NO;
				CLANG_ANALYZER_NONNULL = YES;
				CLANG_CXX_LANGUAGE_STANDARD = "gnu++0x";
				CLANG_CXX_LIBRARY = "libc++";
				CLANG_ENABLE_MODULES = YES;
				CLANG_ENABLE_OBJC_ARC = YES;
				CLANG_WARN_BOOL_CONVERSION = YES;
				CLANG_WARN_CONSTANT_CONVERSION = YES;
				CLANG_WARN_DIRECT_OBJC_ISA_USAGE = YES_ERROR;
				CLANG_WARN_EMPTY_BODY = YES;
				CLANG_WARN_ENUM_CONVERSION = YES;
				CLANG_WARN_INT_CONVERSION = YES;
				CLANG_WARN_OBJC_ROOT_CLASS = YES_ERROR;
				CLANG_WARN_UNREACHABLE_CODE = YES;
				CLANG_WARN__DUPLICATE_METHOD_MATCH = YES;
				"CODE_SIGN_IDENTITY[sdk=iphoneos*]" = "iPhone Developer";
				COPY_PHASE_STRIP = NO;
				DEBUG_INFORMATION_FORMAT = "dwarf-with-dsym";
				ENABLE_NS_ASSERTIONS = NO;
				ENABLE_STRICT_OBJC_MSGSEND = YES;
				GCC_C_LANGUAGE_STANDARD = gnu99;
				GCC_NO_COMMON_BLOCKS = YES;
				GCC_WARN_64_TO_32_BIT_CONVERSION = YES;
				GCC_WARN_ABOUT_RETURN_TYPE = YES_ERROR;
				GCC_WARN_UNDECLARED_SELECTOR = YES;
				GCC_WARN_UNINITIALIZED_AUTOS = YES_AGGRESSIVE;
				GCC_WARN_UNUSED_FUNCTION = YES;
				GCC_WARN_UNUSED_VARIABLE = YES;
				IPHONEOS_DEPLOYMENT_TARGET = 9.3;
				MTL_ENABLE_DEBUG_INFO = NO;
				SDKROOT = iphoneos;
				VALIDATE_PRODUCT = YES;
			};
			name = Release;
		};
		EDB9170A1D2E883000A96798 /* Debug */ = {
			isa = XCBuildConfiguration;
			buildSettings = {
				ASSETCATALOG_COMPILER_APPICON_NAME = AppIcon;
				INFOPLIST_FILE = ProjectFood/Info.plist;
				LD_RUNPATH_SEARCH_PATHS = "$(inherited) @executable_path/Frameworks";
				PRODUCT_BUNDLE_IDENTIFIER = ThePaadamCompany.ProjectFood;
				PRODUCT_NAME = "$(TARGET_NAME)";
			};
			name = Debug;
		};
		EDB9170B1D2E883000A96798 /* Release */ = {
			isa = XCBuildConfiguration;
			buildSettings = {
				ASSETCATALOG_COMPILER_APPICON_NAME = AppIcon;
				INFOPLIST_FILE = ProjectFood/Info.plist;
				LD_RUNPATH_SEARCH_PATHS = "$(inherited) @executable_path/Frameworks";
				PRODUCT_BUNDLE_IDENTIFIER = ThePaadamCompany.ProjectFood;
				PRODUCT_NAME = "$(TARGET_NAME)";
			};
			name = Release;
		};
/* End XCBuildConfiguration section */

/* Begin XCConfigurationList section */
		EDB916ED1D2E883000A96798 /* Build configuration list for PBXProject "ProjectFood" */ = {
			isa = XCConfigurationList;
			buildConfigurations = (
				EDB917071D2E883000A96798 /* Debug */,
				EDB917081D2E883000A96798 /* Release */,
			);
			defaultConfigurationIsVisible = 0;
			defaultConfigurationName = Release;
		};
		EDB917091D2E883000A96798 /* Build configuration list for PBXNativeTarget "ProjectFood" */ = {
			isa = XCConfigurationList;
			buildConfigurations = (
				EDB9170A1D2E883000A96798 /* Debug */,
				EDB9170B1D2E883000A96798 /* Release */,
			);
			defaultConfigurationIsVisible = 0;
		};
/* End XCConfigurationList section */
	};
	rootObject = EDB916EA1D2E883000A96798 /* Project object */;
}
